
Microsoft Visual Studio Solution File, Format Version 12.00
# Visual Studio Version 16
VisualStudioVersion = 16.0.30002.166
MinimumVisualStudioVersion = 10.0.40219.1
Project("{9A19103F-16F7-4668-BE54-9A1E7A4F7556}") = "AccessControl", "AccessControl.csproj", "{E2074F96-55B4-4950-BC9D-CB2E722A038F}"
EndProject
Project("{9A19103F-16F7-4668-BE54-9A1E7A4F7556}") = "AccessControl.BusinessRule", "..\AccessControl.BusinessRule\AccessControl.BusinessRule.csproj", "{724F8C74-2964-418F-84F4-A13F0FC51E0F}"
EndProject
Project("{9A19103F-16F7-4668-BE54-9A1E7A4F7556}") = "AccessControl.Infrastructure", "..\AccessControl.Infrastructure\AccessControl.Infrastructure.csproj", "{230899F5-8678-4A1B-ACB9-8BB9658403D3}"
EndProject
Project("{FAE04EC0-301F-11D3-BF4B-00C04F79EFBC}") = "AccessControl.BusinessRule.Models", "..\AccessControl.BusinessRule.Models\AccessControl.BusinessRule.Models.csproj", "{69486FD1-E050-4474-89FE-B02B941D7632}"
EndProject
Global
	GlobalSection(SolutionConfigurationPlatforms) = preSolution
		Debug|Any CPU = Debug|Any CPU
		Release|Any CPU = Release|Any CPU
	EndGlobalSection
	GlobalSection(ProjectConfigurationPlatforms) = postSolution
		{E2074F96-55B4-4950-BC9D-CB2E722A038F}.Debug|Any CPU.ActiveCfg = Debug|Any CPU
		{E2074F96-55B4-4950-BC9D-CB2E722A038F}.Debug|Any CPU.Build.0 = Debug|Any CPU
		{E2074F96-55B4-4950-BC9D-CB2E722A038F}.Release|Any CPU.ActiveCfg = Release|Any CPU
		{E2074F96-55B4-4950-BC9D-CB2E722A038F}.Release|Any CPU.Build.0 = Release|Any CPU
		{724F8C74-2964-418F-84F4-A13F0FC51E0F}.Debug|Any CPU.ActiveCfg = Debug|Any CPU
		{724F8C74-2964-418F-84F4-A13F0FC51E0F}.Debug|Any CPU.Build.0 = Debug|Any CPU
		{724F8C74-2964-418F-84F4-A13F0FC51E0F}.Release|Any CPU.ActiveCfg = Release|Any CPU
		{724F8C74-2964-418F-84F4-A13F0FC51E0F}.Release|Any CPU.Build.0 = Release|Any CPU
		{230899F5-8678-4A1B-ACB9-8BB9658403D3}.Debug|Any CPU.ActiveCfg = Debug|Any CPU
		{230899F5-8678-4A1B-ACB9-8BB9658403D3}.Debug|Any CPU.Build.0 = Debug|Any CPU
		{230899F5-8678-4A1B-ACB9-8BB9658403D3}.Release|Any CPU.ActiveCfg = Release|Any CPU
		{230899F5-8678-4A1B-ACB9-8BB9658403D3}.Release|Any CPU.Build.0 = Release|Any CPU
		{69486FD1-E050-4474-89FE-B02B941D7632}.Debug|Any CPU.ActiveCfg = Debug|Any CPU
		{69486FD1-E050-4474-89FE-B02B941D7632}.Debug|Any CPU.Build.0 = Debug|Any CPU
		{69486FD1-E050-4474-89FE-B02B941D7632}.Release|Any CPU.ActiveCfg = Release|Any CPU
		{69486FD1-E050-4474-89FE-B02B941D7632}.Release|Any CPU.Build.0 = Release|Any CPU
	EndGlobalSection
	GlobalSection(SolutionProperties) = preSolution
		HideSolutionNode = FALSE
	EndGlobalSection
	GlobalSection(ExtensibilityGlobals) = postSolution
		SolutionGuid = {1EADF5DE-6E04-4B59-8711-C5B8D6D98E13}
	EndGlobalSection
EndGlobal
